
Microsoft Visual Studio Solution File, Format Version 12.00
# Visual Studio Version 17
VisualStudioVersion = 17.8.34309.116
MinimumVisualStudioVersion = 10.0.40219.1
Project("{FAE04EC0-301F-11D3-BF4B-00C04F79EFBC}") = "KutuphaneYonetimSistemi", "KutuphaneYonetimSistemi.csproj", "{8BAFA78A-B6CA-461B-8F03-FDC50F5BCB5C}"
EndProject
Global
	GlobalSection(SolutionConfigurationPlatforms) = preSolution
		Debug|Any CPU = Debug|Any CPU
		Release|Any CPU = Release|Any CPU
	EndGlobalSection
	GlobalSection(ProjectConfigurationPlatforms) = postSolution
		{8BAFA78A-B6CA-461B-8F03-FDC50F5BCB5C}.Debug|Any CPU.ActiveCfg = Debug|Any CPU
		{8BAFA78A-B6CA-461B-8F03-FDC50F5BCB5C}.Debug|Any CPU.Build.0 = Debug|Any CPU
		{8BAFA78A-B6CA-461B-8F03-FDC50F5BCB5C}.Release|Any CPU.ActiveCfg = Release|Any CPU
		{8BAFA78A-B6CA-461B-8F03-FDC50F5BCB5C}.Release|Any CPU.Build.0 = Release|Any CPU
	EndGlobalSection
	GlobalSection(SolutionProperties) = preSolution
		HideSolutionNode = FALSE
	EndGlobalSection
	GlobalSection(ExtensibilityGlobals) = postSolution
		SolutionGuid = {5030D009-6129-4402-9CDB-5A03C0285819}
	EndGlobalSection
EndGlobal
